
Microsoft Visual Studio Solution File, Format Version 12.00
# Visual Studio Version 17
VisualStudioVersion = 17.3.32825.248
MinimumVisualStudioVersion = 10.0.40219.1
Project("{FAE04EC0-301F-11D3-BF4B-00C04F79EFBC}") = "Bugunneyapsam2", "Bugunneyapsam2\Bugunneyapsam2.csproj", "{DF693546-266F-421C-9B26-286B9334F26F}"
EndProject
Global
	GlobalSection(SolutionConfigurationPlatforms) = preSolution
		Debug|Any CPU = Debug|Any CPU
		Release|Any CPU = Release|Any CPU
	EndGlobalSection
	GlobalSection(ProjectConfigurationPlatforms) = postSolution
		{DF693546-266F-421C-9B26-286B9334F26F}.Debug|Any CPU.ActiveCfg = Debug|Any CPU
		{DF693546-266F-421C-9B26-286B9334F26F}.Debug|Any CPU.Build.0 = Debug|Any CPU
		{DF693546-266F-421C-9B26-286B9334F26F}.Release|Any CPU.ActiveCfg = Release|Any CPU
		{DF693546-266F-421C-9B26-286B9334F26F}.Release|Any CPU.Build.0 = Release|Any CPU
	EndGlobalSection
	GlobalSection(SolutionProperties) = preSolution
		HideSolutionNode = FALSE
	EndGlobalSection
	GlobalSection(ExtensibilityGlobals) = postSolution
		SolutionGuid = {970C8400-BF8B-4468-B549-A0B0F5B0027B}
	EndGlobalSection
EndGlobal
